
Microsoft Visual Studio Solution File, Format Version 12.00
# Visual Studio Version 17
VisualStudioVersion = 17.7.34221.43
MinimumVisualStudioVersion = 10.0.40219.1
Project("{FAE04EC0-301F-11D3-BF4B-00C04F79EFBC}") = "dump_domaci1", "dump_domaci1.csproj", "{6E96BFA9-938A-48DE-9410-0F03F6FE1B4C}"
EndProject
Global
	GlobalSection(SolutionConfigurationPlatforms) = preSolution
		Debug|Any CPU = Debug|Any CPU
		Release|Any CPU = Release|Any CPU
	EndGlobalSection
	GlobalSection(ProjectConfigurationPlatforms) = postSolution
		{6E96BFA9-938A-48DE-9410-0F03F6FE1B4C}.Debug|Any CPU.ActiveCfg = Debug|Any CPU
		{6E96BFA9-938A-48DE-9410-0F03F6FE1B4C}.Debug|Any CPU.Build.0 = Debug|Any CPU
		{6E96BFA9-938A-48DE-9410-0F03F6FE1B4C}.Release|Any CPU.ActiveCfg = Release|Any CPU
		{6E96BFA9-938A-48DE-9410-0F03F6FE1B4C}.Release|Any CPU.Build.0 = Release|Any CPU
	EndGlobalSection
	GlobalSection(SolutionProperties) = preSolution
		HideSolutionNode = FALSE
	EndGlobalSection
	GlobalSection(ExtensibilityGlobals) = postSolution
		SolutionGuid = {6BB11F5F-DB48-4E0C-9D35-7D05DC7A989A}
	EndGlobalSection
EndGlobal
